
Microsoft Visual Studio Solution File, Format Version 12.00
# Visual Studio 15
VisualStudioVersion = 15.0.27703.2000
MinimumVisualStudioVersion = 10.0.40219.1
Project("{FAE04EC0-301F-11D3-BF4B-00C04F79EFBC}") = "Finished", "ConsoleApp13\Finished.csproj", "{DB1EE62A-F42E-4CB5-8291-C9B908A2048B}"
EndProject
Project("{FAE04EC0-301F-11D3-BF4B-00C04F79EFBC}") = "Start", "Start\Start.csproj", "{78C4EC61-D19A-4527-BDEB-6793945DD868}"
EndProject
Global
	GlobalSection(SolutionConfigurationPlatforms) = preSolution
		Debug|Any CPU = Debug|Any CPU
		Release|Any CPU = Release|Any CPU
	EndGlobalSection
	GlobalSection(ProjectConfigurationPlatforms) = postSolution
		{DB1EE62A-F42E-4CB5-8291-C9B908A2048B}.Debug|Any CPU.ActiveCfg = Debug|Any CPU
		{DB1EE62A-F42E-4CB5-8291-C9B908A2048B}.Debug|Any CPU.Build.0 = Debug|Any CPU
		{DB1EE62A-F42E-4CB5-8291-C9B908A2048B}.Release|Any CPU.ActiveCfg = Release|Any CPU
		{DB1EE62A-F42E-4CB5-8291-C9B908A2048B}.Release|Any CPU.Build.0 = Release|Any CPU
		{78C4EC61-D19A-4527-BDEB-6793945DD868}.Debug|Any CPU.ActiveCfg = Debug|Any CPU
		{78C4EC61-D19A-4527-BDEB-6793945DD868}.Debug|Any CPU.Build.0 = Debug|Any CPU
		{78C4EC61-D19A-4527-BDEB-6793945DD868}.Release|Any CPU.ActiveCfg = Release|Any CPU
		{78C4EC61-D19A-4527-BDEB-6793945DD868}.Release|Any CPU.Build.0 = Release|Any CPU
	EndGlobalSection
	GlobalSection(SolutionProperties) = preSolution
		HideSolutionNode = FALSE
	EndGlobalSection
	GlobalSection(ExtensibilityGlobals) = postSolution
		SolutionGuid = {DAC2F561-DC4A-48EF-A889-54EA81B0DF93}
	EndGlobalSection
EndGlobal
